
Microsoft Visual Studio Solution File, Format Version 12.00
# Visual Studio Version 17
VisualStudioVersion = 17.9.34616.47
MinimumVisualStudioVersion = 10.0.40219.1
Project("{9A19103F-16F7-4668-BE54-9A1E7A4F7556}") = "MyPokemonBlazorApp", "MyPokemonBlazorApp\MyPokemonBlazorApp.csproj", "{452B0191-AD52-4AFF-86BA-932B89A93572}"
EndProject
Global
	GlobalSection(SolutionConfigurationPlatforms) = preSolution
		Debug|Any CPU = Debug|Any CPU
		Release|Any CPU = Release|Any CPU
	EndGlobalSection
	GlobalSection(ProjectConfigurationPlatforms) = postSolution
		{452B0191-AD52-4AFF-86BA-932B89A93572}.Debug|Any CPU.ActiveCfg = Debug|Any CPU
		{452B0191-AD52-4AFF-86BA-932B89A93572}.Debug|Any CPU.Build.0 = Debug|Any CPU
		{452B0191-AD52-4AFF-86BA-932B89A93572}.Release|Any CPU.ActiveCfg = Release|Any CPU
		{452B0191-AD52-4AFF-86BA-932B89A93572}.Release|Any CPU.Build.0 = Release|Any CPU
	EndGlobalSection
	GlobalSection(SolutionProperties) = preSolution
		HideSolutionNode = FALSE
	EndGlobalSection
	GlobalSection(ExtensibilityGlobals) = postSolution
		SolutionGuid = {6B6823D0-876C-4D18-B08E-4ABBCFF4849C}
	EndGlobalSection
EndGlobal
